
Microsoft Visual Studio Solution File, Format Version 12.00
# Visual Studio 15
Project("{FAE04EC0-301F-11D3-BF4B-00C04F79EFBC}") = "YoloPreprocessor", "YoloPreprocessor\YoloPreprocessor.csproj", "{EF9D9D04-61E8-472F-BEB9-CC6D35AC706B}"
EndProject
Global
	GlobalSection(SolutionConfigurationPlatforms) = preSolution
		Debug|Any CPU = Debug|Any CPU
		Release|Any CPU = Release|Any CPU
	EndGlobalSection
	GlobalSection(ProjectConfigurationPlatforms) = postSolution
		{EF9D9D04-61E8-472F-BEB9-CC6D35AC706B}.Debug|Any CPU.ActiveCfg = Debug|Any CPU
		{EF9D9D04-61E8-472F-BEB9-CC6D35AC706B}.Debug|Any CPU.Build.0 = Debug|Any CPU
		{EF9D9D04-61E8-472F-BEB9-CC6D35AC706B}.Release|Any CPU.ActiveCfg = Release|Any CPU
		{EF9D9D04-61E8-472F-BEB9-CC6D35AC706B}.Release|Any CPU.Build.0 = Release|Any CPU
	EndGlobalSection
EndGlobal
